PODS:
  - AFNetworking (3.2.1):
    - AFNetworking/NSURLSession (= 3.2.1)
    - AFNetworking/Reachability (= 3.2.1)
    - AFNetworking/Security (= 3.2.1)
    - AFNetworking/Serialization (= 3.2.1)
    - AFNetworking/UIKit (= 3.2.1)
  - AFNetworking/NSURLSession (3.2.1):
    - AFNetworking/Reachability
    - AFNetworking/Security
    - AFNetworking/Serialization
  - AFNetworking/Reachability (3.2.1)
  - AFNetworking/Security (3.2.1)
  - AFNetworking/Serialization (3.2.1)
  - AFNetworking/UIKit (3.2.1):
    - AFNetworking/NSURLSession
  - BaiduMapKit (4.2.0)
  - DQAlertView (1.2.1)
  - LZCommon (1.0.0):
    - AFNetworking
  - LZUIKit (1.0.0):
    - DQAlertView
    - Masonry
    - MBProgressHUD
  - Masonry (1.1.0)
  - MBProgressHUD (1.1.0)
  - ReactiveCocoa (2.5):
    - ReactiveCocoa/UI (= 2.5)
  - ReactiveCocoa/Core (2.5):
    - ReactiveCocoa/no-arc
  - ReactiveCocoa/no-arc (2.5)
  - ReactiveCocoa/UI (2.5):
    - ReactiveCocoa/Core

DEPENDENCIES:
  - BaiduMapKit
  - LZCommon (from `../LZCommon`)
  - LZUIKit (from `../LZUIKit`)
  - ReactiveCocoa (< 3.0)

SPEC REPOS:
  https://github.com/cocoapods/specs.git:
    - AFNetworking
    - BaiduMapKit
    - DQAlertView
    - Masonry
    - MBProgressHUD
    - ReactiveCocoa

EXTERNAL SOURCES:
  LZCommon:
    :path: "../LZCommon"
  LZUIKit:
    :path: "../LZUIKit"

SPEC CHECKSUMS:
  AFNetworking: b6f891fdfaed196b46c7a83cf209e09697b94057
  BaiduMapKit: b6a8f31b3d2e4e5cad4084512a0d9a3878638272
  DQAlertView: 438c2799ae5437f2f9683f8a627314aa91eb5032
  LZCommon: abf2c58ec6ad4e1d70d095f8364a65c87c741402
  LZUIKit: 5627abc0db3d170f53841ae48b8c5475e18c8149
  Masonry: 678fab65091a9290e40e2832a55e7ab731aad201
  MBProgressHUD: e7baa36a220447d8aeb12769bf0585582f3866d9
  ReactiveCocoa: e2db045570aa97c695e7aa97c2bcab222ae51f4a

PODFILE CHECKSUM: 5f5578a74bcd7c4bbf7ef4cdfcaea462ed540b28

COCOAPODS: 1.5.3
