// !$*UTF8*$!
{
	archiveVersion = 1;
	classes = {
	};
	objectVersion = 50;
	objects = {

/* Begin PBXBuildFile section */
		763B8204059497BF7EDA76EC /* libPods-CarClient.a in Frameworks */ = {isa = PBXBuildFile; fileRef = D8DE8AFCE5860385CB511EC3 /* libPods-CarClient.a */; };
		930353A921CE6B6500DD5BDF /* StartEndPointView.m in Sources */ = {isa = PBXBuildFile; fileRef = 930353A821CE6B6500DD5BDF /* StartEndPointView.m */; };
		930353AD21CE796D00DD5BDF /* UIColor+Extension.m in Sources */ = {isa = PBXBuildFile; fileRef = 930353AC21CE796D00DD5BDF /* UIColor+Extension.m */; };
		930353B021CE7B1C00DD5BDF /* WeakProxy.m in Sources */ = {isa = PBXBuildFile; fileRef = 930353AF21CE7B1C00DD5BDF /* WeakProxy.m */; };
		930353B321CE887800DD5BDF /* SideCellModel.m in Sources */ = {isa = PBXBuildFile; fileRef = 930353B221CE887800DD5BDF /* SideCellModel.m */; };
		93279ADC21C671D200E0D1CD /* BaiduMapAuthManager.m in Sources */ = {isa = PBXBuildFile; fileRef = 93279ADB21C671D200E0D1CD /* BaiduMapAuthManager.m */; };
		93279ADF21C672C500E0D1CD /* MainViewController.m in Sources */ = {isa = PBXBuildFile; fileRef = 93279ADE21C672C500E0D1CD /* MainViewController.m */; };
		93D0E29E21CA83A700B4784F /* LoginViewController.m in Sources */ = {isa = PBXBuildFile; fileRef = 93D0E29D21CA83A700B4784F /* LoginViewController.m */; };
		93D0E2A121CA83F100B4784F /* SideView.m in Sources */ = {isa = PBXBuildFile; fileRef = 93D0E2A021CA83F100B4784F /* SideView.m */; };
		93D0E2A421CA840F00B4784F /* RecordViewController.m in Sources */ = {isa = PBXBuildFile; fileRef = 93D0E2A321CA840F00B4784F /* RecordViewController.m */; };
		93D0E2A721CA848800B4784F /* Account.m in Sources */ = {isa = PBXBuildFile; fileRef = 93D0E2A621CA848800B4784F /* Account.m */; };
		93D0E2AA21CA849800B4784F /* AccountManager.m in Sources */ = {isa = PBXBuildFile; fileRef = 93D0E2A921CA849800B4784F /* AccountManager.m */; };
		93D0E2AD21CA855600B4784F /* AboutViewController.m in Sources */ = {isa = PBXBuildFile; fileRef = 93D0E2AC21CA855600B4784F /* AboutViewController.m */; };
		F6702AB121C7C145006950CA /* BMKLocationKit.framework in Frameworks */ = {isa = PBXBuildFile; fileRef = F6702AB021C7C145006950CA /* BMKLocationKit.framework */; };
		F674C17D21C0FE570090ECD6 /* AppDelegate.m in Sources */ = {isa = PBXBuildFile; fileRef = F674C17C21C0FE570090ECD6 /* AppDelegate.m */; };
		F674C18521C0FE580090ECD6 /* Assets.xcassets in Resources */ = {isa = PBXBuildFile; fileRef = F674C18421C0FE580090ECD6 /* Assets.xcassets */; };
		F674C18B21C0FE580090ECD6 /* main.m in Sources */ = {isa = PBXBuildFile; fileRef = F674C18A21C0FE580090ECD6 /* main.m */; };
/* End PBXBuildFile section */

/* Begin PBXFileReference section */
		060C032840602C89B4656438 /* Pods-CarClient.release.xcconfig */ = {isa = PBXFileReference; includeInIndex = 1; lastKnownFileType = text.xcconfig; name = "Pods-CarClient.release.xcconfig"; path = "Pods/Target Support Files/Pods-CarClient/Pods-CarClient.release.xcconfig"; sourceTree = "<group>"; };
		930353A721CE6B6500DD5BDF /* StartEndPointView.h */ = {isa = PBXFileReference; lastKnownFileType = sourcecode.c.h; path = StartEndPointView.h; sourceTree = "<group>"; };
		930353A821CE6B6500DD5BDF /* StartEndPointView.m */ = {isa = PBXFileReference; lastKnownFileType = sourcecode.c.objc; path = StartEndPointView.m; sourceTree = "<group>"; };
		930353AB21CE796D00DD5BDF /* UIColor+Extension.h */ = {isa = PBXFileReference; lastKnownFileType = sourcecode.c.h; path = "UIColor+Extension.h"; sourceTree = "<group>"; };
		930353AC21CE796D00DD5BDF /* UIColor+Extension.m */ = {isa = PBXFileReference; lastKnownFileType = sourcecode.c.objc; path = "UIColor+Extension.m"; sourceTree = "<group>"; };
		930353AE21CE7B1C00DD5BDF /* WeakProxy.h */ = {isa = PBXFileReference; lastKnownFileType = sourcecode.c.h; path = WeakProxy.h; sourceTree = "<group>"; };
		930353AF21CE7B1C00DD5BDF /* WeakProxy.m */ = {isa = PBXFileReference; lastKnownFileType = sourcecode.c.objc; path = WeakProxy.m; sourceTree = "<group>"; };
		930353B121CE887800DD5BDF /* SideCellModel.h */ = {isa = PBXFileReference; lastKnownFileType = sourcecode.c.h; path = SideCellModel.h; sourceTree = "<group>"; };
		930353B221CE887800DD5BDF /* SideCellModel.m */ = {isa = PBXFileReference; lastKnownFileType = sourcecode.c.objc; path = SideCellModel.m; sourceTree = "<group>"; };
		93279ADA21C671D200E0D1CD /* BaiduMapAuthManager.h */ = {isa = PBXFileReference; lastKnownFileType = sourcecode.c.h; path = BaiduMapAuthManager.h; sourceTree = "<group>"; };
		93279ADB21C671D200E0D1CD /* BaiduMapAuthManager.m */ = {isa = PBXFileReference; lastKnownFileType = sourcecode.c.objc; path = BaiduMapAuthManager.m; sourceTree = "<group>"; };
		93279ADD21C672C500E0D1CD /* MainViewController.h */ = {isa = PBXFileReference; lastKnownFileType = sourcecode.c.h; path = MainViewController.h; sourceTree = "<group>"; };
		93279ADE21C672C500E0D1CD /* MainViewController.m */ = {isa = PBXFileReference; lastKnownFileType = sourcecode.c.objc; path = MainViewController.m; sourceTree = "<group>"; };
		93D0E29C21CA83A700B4784F /* LoginViewController.h */ = {isa = PBXFileReference; lastKnownFileType = sourcecode.c.h; path = LoginViewController.h; sourceTree = "<group>"; };
		93D0E29D21CA83A700B4784F /* LoginViewController.m */ = {isa = PBXFileReference; lastKnownFileType = sourcecode.c.objc; path = LoginViewController.m; sourceTree = "<group>"; };
		93D0E29F21CA83F100B4784F /* SideView.h */ = {isa = PBXFileReference; lastKnownFileType = sourcecode.c.h; path = SideView.h; sourceTree = "<group>"; };
		93D0E2A021CA83F100B4784F /* SideView.m */ = {isa = PBXFileReference; lastKnownFileType = sourcecode.c.objc; path = SideView.m; sourceTree = "<group>"; };
		93D0E2A221CA840F00B4784F /* RecordViewController.h */ = {isa = PBXFileReference; lastKnownFileType = sourcecode.c.h; path = RecordViewController.h; sourceTree = "<group>"; };
		93D0E2A321CA840F00B4784F /* RecordViewController.m */ = {isa = PBXFileReference; lastKnownFileType = sourcecode.c.objc; path = RecordViewController.m; sourceTree = "<group>"; };
		93D0E2A521CA848800B4784F /* Account.h */ = {isa = PBXFileReference; lastKnownFileType = sourcecode.c.h; path = Account.h; sourceTree = "<group>"; };
		93D0E2A621CA848800B4784F /* Account.m */ = {isa = PBXFileReference; lastKnownFileType = sourcecode.c.objc; path = Account.m; sourceTree = "<group>"; };
		93D0E2A821CA849800B4784F /* AccountManager.h */ = {isa = PBXFileReference; lastKnownFileType = sourcecode.c.h; path = AccountManager.h; sourceTree = "<group>"; };
		93D0E2A921CA849800B4784F /* AccountManager.m */ = {isa = PBXFileReference; lastKnownFileType = sourcecode.c.objc; path = AccountManager.m; sourceTree = "<group>"; };
		93D0E2AB21CA855600B4784F /* AboutViewController.h */ = {isa = PBXFileReference; lastKnownFileType = sourcecode.c.h; path = AboutViewController.h; sourceTree = "<group>"; };
		93D0E2AC21CA855600B4784F /* AboutViewController.m */ = {isa = PBXFileReference; lastKnownFileType = sourcecode.c.objc; path = AboutViewController.m; sourceTree = "<group>"; };
		9932624E00EAA6946E84FED3 /* Pods-CarClient.debug.xcconfig */ = {isa = PBXFileReference; includeInIndex = 1; lastKnownFileType = text.xcconfig; name = "Pods-CarClient.debug.xcconfig"; path = "Pods/Target Support Files/Pods-CarClient/Pods-CarClient.debug.xcconfig"; sourceTree = "<group>"; };
		D8DE8AFCE5860385CB511EC3 /* libPods-CarClient.a */ = {isa = PBXFileReference; explicitFileType = archive.ar; includeInIndex = 0; path = "libPods-CarClient.a"; sourceTree = BUILT_PRODUCTS_DIR; };
		F6702AB021C7C145006950CA /* BMKLocationKit.framework */ = {isa = PBXFileReference; lastKnownFileType = wrapper.framework; path = BMKLocationKit.framework; sourceTree = "<group>"; };
		F674C17821C0FE570090ECD6 /* CarClient.app */ = {isa = PBXFileReference; explicitFileType = wrapper.application; includeInIndex = 0; path = CarClient.app; sourceTree = BUILT_PRODUCTS_DIR; };
		F674C17B21C0FE570090ECD6 /* AppDelegate.h */ = {isa = PBXFileReference; lastKnownFileType = sourcecode.c.h; path = AppDelegate.h; sourceTree = "<group>"; };
		F674C17C21C0FE570090ECD6 /* AppDelegate.m */ = {isa = PBXFileReference; lastKnownFileType = sourcecode.c.objc; path = AppDelegate.m; sourceTree = "<group>"; };
		F674C18421C0FE580090ECD6 /* Assets.xcassets */ = {isa = PBXFileReference; lastKnownFileType = folder.assetcatalog; path = Assets.xcassets; sourceTree = "<group>"; };
		F674C18921C0FE580090ECD6 /* Info.plist */ = {isa = PBXFileReference; lastKnownFileType = text.plist.xml; path = Info.plist; sourceTree = "<group>"; };
		F674C18A21C0FE580090ECD6 /* main.m */ = {isa = PBXFileReference; lastKnownFileType = sourcecode.c.objc; path = main.m; sourceTree = "<group>"; };
/* End PBXFileReference section */

/* Begin PBXFrameworksBuildPhase section */
		F674C17521C0FE570090ECD6 /* Frameworks */ = {
			isa = PBXFrameworksBuildPhase;
			buildActionMask = 2147483647;
			files = (
				763B8204059497BF7EDA76EC /* libPods-CarClient.a in Frameworks */,
				F6702AB121C7C145006950CA /* BMKLocationKit.framework in Frameworks */,
			);
			runOnlyForDeploymentPostprocessing = 0;
		};
/* End PBXFrameworksBuildPhase section */

/* Begin PBXGroup section */
		930353AA21CE791700DD5BDF /* Extension */ = {
			isa = PBXGroup;
			children = (
				930353AB21CE796D00DD5BDF /* UIColor+Extension.h */,
				930353AC21CE796D00DD5BDF /* UIColor+Extension.m */,
			);
			path = Extension;
			sourceTree = "<group>";
		};
		93279AD921C6719600E0D1CD /* Tools */ = {
			isa = PBXGroup;
			children = (
				93279ADA21C671D200E0D1CD /* BaiduMapAuthManager.h */,
				93279ADB21C671D200E0D1CD /* BaiduMapAuthManager.m */,
				93D0E2A521CA848800B4784F /* Account.h */,
				93D0E2A621CA848800B4784F /* Account.m */,
				93D0E2A821CA849800B4784F /* AccountManager.h */,
				93D0E2A921CA849800B4784F /* AccountManager.m */,
				930353AE21CE7B1C00DD5BDF /* WeakProxy.h */,
				930353AF21CE7B1C00DD5BDF /* WeakProxy.m */,
			);
			path = Tools;
			sourceTree = "<group>";
		};
		93FD27A421C3EFE600B2C7C5 /* source */ = {
			isa = PBXGroup;
			children = (
				930353AA21CE791700DD5BDF /* Extension */,
				93279AD921C6719600E0D1CD /* Tools */,
				93FD27A721C3F04600B2C7C5 /* Model */,
				93FD27A621C3F03600B2C7C5 /* View */,
				93FD27A521C3F02500B2C7C5 /* ViewController */,
			);
			path = source;
			sourceTree = "<group>";
		};
		93FD27A521C3F02500B2C7C5 /* ViewController */ = {
			isa = PBXGroup;
			children = (
				93279ADD21C672C500E0D1CD /* MainViewController.h */,
				93279ADE21C672C500E0D1CD /* MainViewController.m */,
				93D0E29C21CA83A700B4784F /* LoginViewController.h */,
				93D0E29D21CA83A700B4784F /* LoginViewController.m */,
				93D0E2A221CA840F00B4784F /* RecordViewController.h */,
				93D0E2A321CA840F00B4784F /* RecordViewController.m */,
				93D0E2AB21CA855600B4784F /* AboutViewController.h */,
				93D0E2AC21CA855600B4784F /* AboutViewController.m */,
			);
			path = ViewController;
			sourceTree = "<group>";
		};
		93FD27A621C3F03600B2C7C5 /* View */ = {
			isa = PBXGroup;
			children = (
				93D0E29F21CA83F100B4784F /* SideView.h */,
				93D0E2A021CA83F100B4784F /* SideView.m */,
				930353A721CE6B6500DD5BDF /* StartEndPointView.h */,
				930353A821CE6B6500DD5BDF /* StartEndPointView.m */,
			);
			path = View;
			sourceTree = "<group>";
		};
		93FD27A721C3F04600B2C7C5 /* Model */ = {
			isa = PBXGroup;
			children = (
				930353B121CE887800DD5BDF /* SideCellModel.h */,
				930353B221CE887800DD5BDF /* SideCellModel.m */,
			);
			path = Model;
			sourceTree = "<group>";
		};
		A21209BAE1D40B57FCA70382 /* Pods */ = {
			isa = PBXGroup;
			children = (
				9932624E00EAA6946E84FED3 /* Pods-CarClient.debug.xcconfig */,
				060C032840602C89B4656438 /* Pods-CarClient.release.xcconfig */,
			);
			name = Pods;
			sourceTree = "<group>";
		};
		DE20B99FD9F95A21D89FC8AD /* Frameworks */ = {
			isa = PBXGroup;
			children = (
				D8DE8AFCE5860385CB511EC3 /* libPods-CarClient.a */,
			);
			name = Frameworks;
			sourceTree = "<group>";
		};
		F674C16F21C0FE570090ECD6 = {
			isa = PBXGroup;
			children = (
				F674C17A21C0FE570090ECD6 /* CarClient */,
				F674C17921C0FE570090ECD6 /* Products */,
				A21209BAE1D40B57FCA70382 /* Pods */,
				DE20B99FD9F95A21D89FC8AD /* Frameworks */,
			);
			sourceTree = "<group>";
		};
		F674C17921C0FE570090ECD6 /* Products */ = {
			isa = PBXGroup;
			children = (
				F674C17821C0FE570090ECD6 /* CarClient.app */,
			);
			name = Products;
			sourceTree = "<group>";
		};
		F674C17A21C0FE570090ECD6 /* CarClient */ = {
			isa = PBXGroup;
			children = (
				93FD27A421C3EFE600B2C7C5 /* source */,
				F674C17B21C0FE570090ECD6 /* AppDelegate.h */,
				F674C17C21C0FE570090ECD6 /* AppDelegate.m */,
				F6702AB021C7C145006950CA /* BMKLocationKit.framework */,
				F674C18421C0FE580090ECD6 /* Assets.xcassets */,
				F674C18921C0FE580090ECD6 /* Info.plist */,
				F674C18A21C0FE580090ECD6 /* main.m */,
			);
			path = CarClient;
			sourceTree = "<group>";
		};
/* End PBXGroup section */

/* Begin PBXNativeTarget section */
		F674C17721C0FE570090ECD6 /* CarClient */ = {
			isa = PBXNativeTarget;
			buildConfigurationList = F674C18E21C0FE580090ECD6 /* Build configuration list for PBXNativeTarget "CarClient" */;
			buildPhases = (
				67B8EE69DCD8C6C1EE7D73E5 /* [CP] Check Pods Manifest.lock */,
				F674C17421C0FE570090ECD6 /* Sources */,
				F674C17521C0FE570090ECD6 /* Frameworks */,
				F674C17621C0FE570090ECD6 /* Resources */,
				E9C90BB0C23CA30195297618 /* [CP] Copy Pods Resources */,
			);
			buildRules = (
			);
			dependencies = (
			);
			name = CarClient;
			productName = CarClient;
			productReference = F674C17821C0FE570090ECD6 /* CarClient.app */;
			productType = "com.apple.product-type.application";
		};
/* End PBXNativeTarget section */

/* Begin PBXProject section */
		F674C17021C0FE570090ECD6 /* Project object */ = {
			isa = PBXProject;
			attributes = {
				LastUpgradeCheck = 1010;
				ORGANIZATIONNAME = lizhi.1026.com;
				TargetAttributes = {
					F674C17721C0FE570090ECD6 = {
						CreatedOnToolsVersion = 10.1;
					};
				};
			};
			buildConfigurationList = F674C17321C0FE570090ECD6 /* Build configuration list for PBXProject "CarClient" */;
			compatibilityVersion = "Xcode 9.3";
			developmentRegion = en;
			hasScannedForEncodings = 0;
			knownRegions = (
				en,
				Base,
			);
			mainGroup = F674C16F21C0FE570090ECD6;
			productRefGroup = F674C17921C0FE570090ECD6 /* Products */;
			projectDirPath = "";
			projectRoot = "";
			targets = (
				F674C17721C0FE570090ECD6 /* CarClient */,
			);
		};
/* End PBXProject section */

/* Begin PBXResourcesBuildPhase section */
		F674C17621C0FE570090ECD6 /* Resources */ = {
			isa = PBXResourcesBuildPhase;
			buildActionMask = 2147483647;
			files = (
				F674C18521C0FE580090ECD6 /* Assets.xcassets in Resources */,
			);
			runOnlyForDeploymentPostprocessing = 0;
		};
/* End PBXResourcesBuildPhase section */

/* Begin PBXShellScriptBuildPhase section */
		67B8EE69DCD8C6C1EE7D73E5 /* [CP] Check Pods Manifest.lock */ = {
			isa = PBXShellScriptBuildPhase;
			buildActionMask = 2147483647;
			files = (
			);
			inputPaths = (
				"${PODS_PODFILE_DIR_PATH}/Podfile.lock",
				"${PODS_ROOT}/Manifest.lock",
			);
			name = "[CP] Check Pods Manifest.lock";
			outputPaths = (
				"$(DERIVED_FILE_DIR)/Pods-CarClient-checkManifestLockResult.txt",
			);
			runOnlyForDeploymentPostprocessing = 0;
			shellPath = /bin/sh;
			shellScript = "diff \"${PODS_PODFILE_DIR_PATH}/Podfile.lock\" \"${PODS_ROOT}/Manifest.lock\" > /dev/null\nif [ $? != 0 ] ; then\n    # print error to STDERR\n    echo \"error: The sandbox is not in sync with the Podfile.lock. Run 'pod install' or update your CocoaPods installation.\" >&2\n    exit 1\nfi\n# This output is used by Xcode 'outputs' to avoid re-running this script phase.\necho \"SUCCESS\" > \"${SCRIPT_OUTPUT_FILE_0}\"\n";
			showEnvVarsInLog = 0;
		};
		E9C90BB0C23CA30195297618 /* [CP] Copy Pods Resources */ = {
			isa = PBXShellScriptBuildPhase;
			buildActionMask = 2147483647;
			files = (
			);
			inputPaths = (
				"${SRCROOT}/Pods/Target Support Files/Pods-CarClient/Pods-CarClient-resources.sh",
				"${PODS_ROOT}/BaiduMapKit/BaiduMapKit/BaiduMapAPI_Map.framework/mapapi.bundle",
			);
			name = "[CP] Copy Pods Resources";
			outputPaths = (
				"${TARGET_BUILD_DIR}/${UNLOCALIZED_RESOURCES_FOLDER_PATH}/mapapi.bundle",
			);
			runOnlyForDeploymentPostprocessing = 0;
			shellPath = /bin/sh;
			shellScript = "\"${SRCROOT}/Pods/Target Support Files/Pods-CarClient/Pods-CarClient-resources.sh\"\n";
			showEnvVarsInLog = 0;
		};
/* End PBXShellScriptBuildPhase section */

/* Begin PBXSourcesBuildPhase section */
		F674C17421C0FE570090ECD6 /* Sources */ = {
			isa = PBXSourcesBuildPhase;
			buildActionMask = 2147483647;
			files = (
				F674C18B21C0FE580090ECD6 /* main.m in Sources */,
				930353B021CE7B1C00DD5BDF /* WeakProxy.m in Sources */,
				930353A921CE6B6500DD5BDF /* StartEndPointView.m in Sources */,
				93D0E2A721CA848800B4784F /* Account.m in Sources */,
				93D0E2A121CA83F100B4784F /* SideView.m in Sources */,
				F674C17D21C0FE570090ECD6 /* AppDelegate.m in Sources */,
				930353B321CE887800DD5BDF /* SideCellModel.m in Sources */,
				93279ADC21C671D200E0D1CD /* BaiduMapAuthManager.m in Sources */,
				93279ADF21C672C500E0D1CD /* MainViewController.m in Sources */,
				930353AD21CE796D00DD5BDF /* UIColor+Extension.m in Sources */,
				93D0E2AD21CA855600B4784F /* AboutViewController.m in Sources */,
				93D0E2A421CA840F00B4784F /* RecordViewController.m in Sources */,
				93D0E29E21CA83A700B4784F /* LoginViewController.m in Sources */,
				93D0E2AA21CA849800B4784F /* AccountManager.m in Sources */,
			);
			runOnlyForDeploymentPostprocessing = 0;
		};
/* End PBXSourcesBuildPhase section */

/* Begin XCBuildConfiguration section */
		F674C18C21C0FE580090ECD6 /* Debug */ = {
			isa = XCBuildConfiguration;
			buildSettings = {
				ALWAYS_SEARCH_USER_PATHS = NO;
				CLANG_ANALYZER_NONNULL = YES;
				CLANG_ANALYZER_NUMBER_OBJECT_CONVERSION = YES_AGGRESSIVE;
				CLANG_CXX_LANGUAGE_STANDARD = "gnu++14";
				CLANG_CXX_LIBRARY = "libc++";
				CLANG_ENABLE_MODULES = YES;
				CLANG_ENABLE_OBJC_ARC = YES;
				CLANG_ENABLE_OBJC_WEAK = YES;
				CLANG_WARN_BLOCK_CAPTURE_AUTORELEASING = YES;
				CLANG_WARN_BOOL_CONVERSION = YES;
				CLANG_WARN_COMMA = YES;
				CLANG_WARN_CONSTANT_CONVERSION = YES;
				CLANG_WARN_DEPRECATED_OBJC_IMPLEMENTATIONS = YES;
				CLANG_WARN_DIRECT_OBJC_ISA_USAGE = YES_ERROR;
				CLANG_WARN_DOCUMENTATION_COMMENTS = YES;
				CLANG_WARN_EMPTY_BODY = YES;
				CLANG_WARN_ENUM_CONVERSION = YES;
				CLANG_WARN_INFINITE_RECURSION = YES;
				CLANG_WARN_INT_CONVERSION = YES;
				CLANG_WARN_NON_LITERAL_NULL_CONVERSION = YES;
				CLANG_WARN_OBJC_IMPLICIT_RETAIN_SELF = YES;
				CLANG_WARN_OBJC_LITERAL_CONVERSION = YES;
				CLANG_WARN_OBJC_ROOT_CLASS = YES_ERROR;
				CLANG_WARN_RANGE_LOOP_ANALYSIS = YES;
				CLANG_WARN_STRICT_PROTOTYPES = YES;
				CLANG_WARN_SUSPICIOUS_MOVE = YES;
				CLANG_WARN_UNGUARDED_AVAILABILITY = YES_AGGRESSIVE;
				CLANG_WARN_UNREACHABLE_CODE = YES;
				CLANG_WARN__DUPLICATE_METHOD_MATCH = YES;
				CODE_SIGN_IDENTITY = "iPhone Developer";
				COPY_PHASE_STRIP = NO;
				DEBUG_INFORMATION_FORMAT = dwarf;
				ENABLE_STRICT_OBJC_MSGSEND = YES;
				ENABLE_TESTABILITY = YES;
				GCC_C_LANGUAGE_STANDARD = gnu11;
				GCC_DYNAMIC_NO_PIC = NO;
				GCC_NO_COMMON_BLOCKS = YES;
				GCC_OPTIMIZATION_LEVEL = 0;
				GCC_PREPROCESSOR_DEFINITIONS = (
					"DEBUG=1",
					"$(inherited)",
				);
				GCC_WARN_64_TO_32_BIT_CONVERSION = YES;
				GCC_WARN_ABOUT_RETURN_TYPE = YES_ERROR;
				GCC_WARN_UNDECLARED_SELECTOR = YES;
				GCC_WARN_UNINITIALIZED_AUTOS = YES_AGGRESSIVE;
				GCC_WARN_UNUSED_FUNCTION = YES;
				GCC_WARN_UNUSED_VARIABLE = YES;
				IPHONEOS_DEPLOYMENT_TARGET = 12.1;
				MTL_ENABLE_DEBUG_INFO = INCLUDE_SOURCE;
				MTL_FAST_MATH = YES;
				ONLY_ACTIVE_ARCH = YES;
				SDKROOT = iphoneos;
			};
			name = Debug;
		};
		F674C18D21C0FE580090ECD6 /* Release */ = {
			isa = XCBuildConfiguration;
			buildSettings = {
				ALWAYS_SEARCH_USER_PATHS = NO;
				CLANG_ANALYZER_NONNULL = YES;
				CLANG_ANALYZER_NUMBER_OBJECT_CONVERSION = YES_AGGRESSIVE;
				CLANG_CXX_LANGUAGE_STANDARD = "gnu++14";
				CLANG_CXX_LIBRARY = "libc++";
				CLANG_ENABLE_MODULES = YES;
				CLANG_ENABLE_OBJC_ARC = YES;
				CLANG_ENABLE_OBJC_WEAK = YES;
				CLANG_WARN_BLOCK_CAPTURE_AUTORELEASING = YES;
				CLANG_WARN_BOOL_CONVERSION = YES;
				CLANG_WARN_COMMA = YES;
				CLANG_WARN_CONSTANT_CONVERSION = YES;
				CLANG_WARN_DEPRECATED_OBJC_IMPLEMENTATIONS = YES;
				CLANG_WARN_DIRECT_OBJC_ISA_USAGE = YES_ERROR;
				CLANG_WARN_DOCUMENTATION_COMMENTS = YES;
				CLANG_WARN_EMPTY_BODY = YES;
				CLANG_WARN_ENUM_CONVERSION = YES;
				CLANG_WARN_INFINITE_RECURSION = YES;
				CLANG_WARN_INT_CONVERSION = YES;
				CLANG_WARN_NON_LITERAL_NULL_CONVERSION = YES;
				CLANG_WARN_OBJC_IMPLICIT_RETAIN_SELF = YES;
				CLANG_WARN_OBJC_LITERAL_CONVERSION = YES;
				CLANG_WARN_OBJC_ROOT_CLASS = YES_ERROR;
				CLANG_WARN_RANGE_LOOP_ANALYSIS = YES;
				CLANG_WARN_STRICT_PROTOTYPES = YES;
				CLANG_WARN_SUSPICIOUS_MOVE = YES;
				CLANG_WARN_UNGUARDED_AVAILABILITY = YES_AGGRESSIVE;
				CLANG_WARN_UNREACHABLE_CODE = YES;
				CLANG_WARN__DUPLICATE_METHOD_MATCH = YES;
				CODE_SIGN_IDENTITY = "iPhone Developer";
				COPY_PHASE_STRIP = NO;
				DEBUG_INFORMATION_FORMAT = "dwarf-with-dsym";
				ENABLE_NS_ASSERTIONS = NO;
				ENABLE_STRICT_OBJC_MSGSEND = YES;
				GCC_C_LANGUAGE_STANDARD = gnu11;
				GCC_NO_COMMON_BLOCKS = YES;
				GCC_WARN_64_TO_32_BIT_CONVERSION = YES;
				GCC_WARN_ABOUT_RETURN_TYPE = YES_ERROR;
				GCC_WARN_UNDECLARED_SELECTOR = YES;
				GCC_WARN_UNINITIALIZED_AUTOS = YES_AGGRESSIVE;
				GCC_WARN_UNUSED_FUNCTION = YES;
				GCC_WARN_UNUSED_VARIABLE = YES;
				IPHONEOS_DEPLOYMENT_TARGET = 12.1;
				MTL_ENABLE_DEBUG_INFO = NO;
				MTL_FAST_MATH = YES;
				SDKROOT = iphoneos;
				VALIDATE_PRODUCT = YES;
			};
			name = Release;
		};
		F674C18F21C0FE580090ECD6 /* Debug */ = {
			isa = XCBuildConfiguration;
			baseConfigurationReference = 9932624E00EAA6946E84FED3 /* Pods-CarClient.debug.xcconfig */;
			buildSettings = {
				ASSETCATALOG_COMPILER_APPICON_NAME = AppIcon;
				ASSETCATALOG_COMPILER_LAUNCHIMAGE_NAME = LaunchImage;
				CODE_SIGN_STYLE = Automatic;
				DEVELOPMENT_TEAM = LPHS5LXJTA;
				FRAMEWORK_SEARCH_PATHS = (
					"$(inherited)",
					"$(PROJECT_DIR)/CarClient",
				);
				INFOPLIST_FILE = CarClient/Info.plist;
				IPHONEOS_DEPLOYMENT_TARGET = 8.0;
				LD_RUNPATH_SEARCH_PATHS = (
					"$(inherited)",
					"@executable_path/Frameworks",
				);
				PRODUCT_BUNDLE_IDENTIFIER = lizhi.1026.com.CarClient;
				PRODUCT_NAME = "$(TARGET_NAME)";
				TARGETED_DEVICE_FAMILY = 1;
			};
			name = Debug;
		};
		F674C19021C0FE580090ECD6 /* Release */ = {
			isa = XCBuildConfiguration;
			baseConfigurationReference = 060C032840602C89B4656438 /* Pods-CarClient.release.xcconfig */;
			buildSettings = {
				ASSETCATALOG_COMPILER_APPICON_NAME = AppIcon;
				ASSETCATALOG_COMPILER_LAUNCHIMAGE_NAME = LaunchImage;
				CODE_SIGN_STYLE = Automatic;
				DEVELOPMENT_TEAM = LPHS5LXJTA;
				FRAMEWORK_SEARCH_PATHS = (
					"$(inherited)",
					"$(PROJECT_DIR)/CarClient",
				);
				INFOPLIST_FILE = CarClient/Info.plist;
				IPHONEOS_DEPLOYMENT_TARGET = 8.0;
				LD_RUNPATH_SEARCH_PATHS = (
					"$(inherited)",
					"@executable_path/Frameworks",
				);
				PRODUCT_BUNDLE_IDENTIFIER = lizhi.1026.com.CarClient;
				PRODUCT_NAME = "$(TARGET_NAME)";
				TARGETED_DEVICE_FAMILY = 1;
			};
			name = Release;
		};
/* End XCBuildConfiguration section */

/* Begin XCConfigurationList section */
		F674C17321C0FE570090ECD6 /* Build configuration list for PBXProject "CarClient" */ = {
			isa = XCConfigurationList;
			buildConfigurations = (
				F674C18C21C0FE580090ECD6 /* Debug */,
				F674C18D21C0FE580090ECD6 /* Release */,
			);
			defaultConfigurationIsVisible = 0;
			defaultConfigurationName = Release;
		};
		F674C18E21C0FE580090ECD6 /* Build configuration list for PBXNativeTarget "CarClient" */ = {
			isa = XCConfigurationList;
			buildConfigurations = (
				F674C18F21C0FE580090ECD6 /* Debug */,
				F674C19021C0FE580090ECD6 /* Release */,
			);
			defaultConfigurationIsVisible = 0;
			defaultConfigurationName = Release;
		};
/* End XCConfigurationList section */
	};
	rootObject = F674C17021C0FE570090ECD6 /* Project object */;
}
